
Microsoft Visual Studio Solution File, Format Version 12.00
# Visual Studio 15
Project("{FAE04EC0-301F-11D3-BF4B-00C04F79EFBC}") = "Assembly-CSharp", "Assembly-CSharp.csproj", "{3368CAC4-3BB4-9983-38FB-630105250648}"
EndProject
Project("{FAE04EC0-301F-11D3-BF4B-00C04F79EFBC}") = "Assembly-CSharp-Editor", "Assembly-CSharp-Editor.csproj", "{0252E073-CCD3-A9CD-B7CA-F17F5E49C1B9}"
EndProject
Global
	GlobalSection(SolutionConfigurationPlatforms) = preSolution
		Debug|Any CPU = Debug|Any CPU
		Release|Any CPU = Release|Any CPU
	EndGlobalSection
	GlobalSection(ProjectConfigurationPlatforms) = postSolution
		{3368CAC4-3BB4-9983-38FB-630105250648}.Debug|Any CPU.ActiveCfg = Debug|Any CPU
		{3368CAC4-3BB4-9983-38FB-630105250648}.Debug|Any CPU.Build.0 = Debug|Any CPU
		{3368CAC4-3BB4-9983-38FB-630105250648}.Release|Any CPU.ActiveCfg = Release|Any CPU
		{3368CAC4-3BB4-9983-38FB-630105250648}.Release|Any CPU.Build.0 = Release|Any CPU
		{0252E073-CCD3-A9CD-B7CA-F17F5E49C1B9}.Debug|Any CPU.ActiveCfg = Debug|Any CPU
		{0252E073-CCD3-A9CD-B7CA-F17F5E49C1B9}.Debug|Any CPU.Build.0 = Debug|Any CPU
		{0252E073-CCD3-A9CD-B7CA-F17F5E49C1B9}.Release|Any CPU.ActiveCfg = Release|Any CPU
		{0252E073-CCD3-A9CD-B7CA-F17F5E49C1B9}.Release|Any CPU.Build.0 = Release|Any CPU
	EndGlobalSection
	GlobalSection(SolutionProperties) = preSolution
		HideSolutionNode = FALSE
	EndGlobalSection
EndGlobal
